
Microsoft Visual Studio Solution File, Format Version 12.00
# Visual Studio Version 17
VisualStudioVersion = 17.8.34525.116
MinimumVisualStudioVersion = 10.0.40219.1
Project("{8BC9CEB8-8B4A-11D0-8D11-00A0C91BC942}") = "P3 - BlackJack", "P3 - BlackJack\P3 - BlackJack.vcxproj", "{B9036204-2681-4BAD-8B71-0408860F5137}"
EndProject
Global
	GlobalSection(SolutionConfigurationPlatforms) = preSolution
		Debug|x64 = Debug|x64
		Debug|x86 = Debug|x86
		Release|x64 = Release|x64
		Release|x86 = Release|x86
	EndGlobalSection
	GlobalSection(ProjectConfigurationPlatforms) = postSolution
		{B9036204-2681-4BAD-8B71-0408860F5137}.Debug|x64.ActiveCfg = Debug|x64
		{B9036204-2681-4BAD-8B71-0408860F5137}.Debug|x64.Build.0 = Debug|x64
		{B9036204-2681-4BAD-8B71-0408860F5137}.Debug|x86.ActiveCfg = Debug|Win32
		{B9036204-2681-4BAD-8B71-0408860F5137}.Debug|x86.Build.0 = Debug|Win32
		{B9036204-2681-4BAD-8B71-0408860F5137}.Release|x64.ActiveCfg = Release|x64
		{B9036204-2681-4BAD-8B71-0408860F5137}.Release|x64.Build.0 = Release|x64
		{B9036204-2681-4BAD-8B71-0408860F5137}.Release|x86.ActiveCfg = Release|Win32
		{B9036204-2681-4BAD-8B71-0408860F5137}.Release|x86.Build.0 = Release|Win32
	EndGlobalSection
	GlobalSection(SolutionProperties) = preSolution
		HideSolutionNode = FALSE
	EndGlobalSection
	GlobalSection(ExtensibilityGlobals) = postSolution
		SolutionGuid = {566C2F7D-32B0-4E06-B5C8-78F7B9B41537}
	EndGlobalSection
EndGlobal
